{
  "sources": {
    "build-essential": {
      "locked_version": "1.4.2"
    },
    "kvm": {
      "locked_version": "0.3.1"
    },
    "libvirt": {
      "locked_version": "0.1.0"
    },
    "apt": {
      "locked_version": "2.3.4"
    },
    "ark": {
      "locked_version": "0.4.2"
    },
    "dev_env-bootstrap": {
      "path": "./cookbooks/dev_env-bootstrap"
    },
    "git": {
      "locked_version": "2.9.0"
    },
    "packer": {
      "locked_version": "0.2.4"
    },
    "rbenv": {
      "locked_version": "0.7.2",
      "git": "git://github.com/fnichol/chef-rbenv.git",
      "ref": "f2b53292e810dd2b43f6121f9958f5f29979dcb1"
    },
    "ruby_build": {
      "locked_version": "0.8.0"
    },
    "vagrant": {
      "locked_version": "0.2.0"
    },
    "virtualbox": {
      "locked_version": "1.0.2"
    },
    "ntp": {
      "locked_version": "1.5.4"
    },
    "sysctl": {
      "locked_version": "0.3.5"
    },
    "modules": {
      "locked_version": "0.2.0"
    },
    "sysfs": {
      "locked_version": "0.0.2"
    },
    "cpu": {
      "locked_version": "0.2.0"
    },
    "apparmor": {
      "locked_version": "0.9.2"
    },
    "dmg": {
      "locked_version": "2.1.4"
    },
    "windows": {
      "locked_version": "1.12.8"
    },
    "chef_handler": {
      "locked_version": "1.1.4"
    },
    "runit": {
      "locked_version": "1.5.8"
    },
    "yum": {
      "locked_version": "3.0.6"
    },
    "yum-epel": {
      "locked_version": "0.2.0"
    },
    "java": {
      "locked_version": "1.19.2"
    },
    "apache2": {
      "locked_version": "1.8.14"
    }
  }
}
